
Microsoft Visual Studio Solution File, Format Version 12.00
# Visual Studio Version 17
VisualStudioVersion = 17.0.31903.59
MinimumVisualStudioVersion = 10.0.40219.1
Project("{FAE04EC0-301F-11D3-BF4B-00C04F79EFBC}") = "API", "API\API.csproj", "{F00DA9FF-541D-485E-9FAC-2560C8621116}"
EndProject
Project("{FAE04EC0-301F-11D3-BF4B-00C04F79EFBC}") = "Core", "Core\Core.csproj", "{49BEE9C9-CD60-45E6-8BA7-48C1CC1FFDC1}"
EndProject
Project("{FAE04EC0-301F-11D3-BF4B-00C04F79EFBC}") = "Infrastrcture", "Infrastrcture\Infrastrcture.csproj", "{5B07EC81-7B4E-4EDD-8AAF-78D578547289}"
EndProject
Global
	GlobalSection(SolutionConfigurationPlatforms) = preSolution
		Debug|Any CPU = Debug|Any CPU
		Release|Any CPU = Release|Any CPU
	EndGlobalSection
	GlobalSection(SolutionProperties) = preSolution
		HideSolutionNode = FALSE
	EndGlobalSection
	GlobalSection(ProjectConfigurationPlatforms) = postSolution
		{F00DA9FF-541D-485E-9FAC-2560C8621116}.Debug|Any CPU.ActiveCfg = Debug|Any CPU
		{F00DA9FF-541D-485E-9FAC-2560C8621116}.Debug|Any CPU.Build.0 = Debug|Any CPU
		{F00DA9FF-541D-485E-9FAC-2560C8621116}.Release|Any CPU.ActiveCfg = Release|Any CPU
		{F00DA9FF-541D-485E-9FAC-2560C8621116}.Release|Any CPU.Build.0 = Release|Any CPU
		{49BEE9C9-CD60-45E6-8BA7-48C1CC1FFDC1}.Debug|Any CPU.ActiveCfg = Debug|Any CPU
		{49BEE9C9-CD60-45E6-8BA7-48C1CC1FFDC1}.Debug|Any CPU.Build.0 = Debug|Any CPU
		{49BEE9C9-CD60-45E6-8BA7-48C1CC1FFDC1}.Release|Any CPU.ActiveCfg = Release|Any CPU
		{49BEE9C9-CD60-45E6-8BA7-48C1CC1FFDC1}.Release|Any CPU.Build.0 = Release|Any CPU
		{5B07EC81-7B4E-4EDD-8AAF-78D578547289}.Debug|Any CPU.ActiveCfg = Debug|Any CPU
		{5B07EC81-7B4E-4EDD-8AAF-78D578547289}.Debug|Any CPU.Build.0 = Debug|Any CPU
		{5B07EC81-7B4E-4EDD-8AAF-78D578547289}.Release|Any CPU.ActiveCfg = Release|Any CPU
		{5B07EC81-7B4E-4EDD-8AAF-78D578547289}.Release|Any CPU.Build.0 = Release|Any CPU
	EndGlobalSection
EndGlobal
